// !$*UTF8*$!
{
	archiveVersion = 1;
	classes = {
	};
	objectVersion = 55;
	objects = {

/* Begin PBXBuildFile section */
		699DFE432716CA080030CE16 /* WordList.txt in Resources */ = {isa = PBXBuildFile; fileRef = 699DFE422716CA080030CE16 /* WordList.txt */; };
		699F7E012715CB8E0042002D /* AppDelegate.swift in Sources */ = {isa = PBXBuildFile; fileRef = 699F7E002715CB8E0042002D /* AppDelegate.swift */; };
		699F7E032715CB8E0042002D /* SceneDelegate.swift in Sources */ = {isa = PBXBuildFile; fileRef = 699F7E022715CB8E0042002D /* SceneDelegate.swift */; };
		699F7E052715CB8E0042002D /* ViewController.swift in Sources */ = {isa = PBXBuildFile; fileRef = 699F7E042715CB8E0042002D /* ViewController.swift */; };
		699F7E082715CB8E0042002D /* Main.storyboard in Resources */ = {isa = PBXBuildFile; fileRef = 699F7E062715CB8E0042002D /* Main.storyboard */; };
		699F7E0A2715CB900042002D /* Assets.xcassets in Resources */ = {isa = PBXBuildFile; fileRef = 699F7E092715CB900042002D /* Assets.xcassets */; };
		699F7E0D2715CB900042002D /* LaunchScreen.storyboard in Resources */ = {isa = PBXBuildFile; fileRef = 699F7E0B2715CB900042002D /* LaunchScreen.storyboard */; };
/* End PBXBuildFile section */

/* Begin PBXFileReference section */
		699DFE422716CA080030CE16 /* WordList.txt */ = {isa = PBXFileReference; fileEncoding = 4; lastKnownFileType = text; path = WordList.txt; sourceTree = "<group>"; };
		699F7DFD2715CB8E0042002D /* HWSClassic-Day41-HangmanGame.app */ = {isa = PBXFileReference; explicitFileType = wrapper.application; includeInIndex = 0; path = "HWSClassic-Day41-HangmanGame.app"; sourceTree = BUILT_PRODUCTS_DIR; };
		699F7E002715CB8E0042002D /* AppDelegate.swift */ = {isa = PBXFileReference; lastKnownFileType = sourcecode.swift; path = AppDelegate.swift; sourceTree = "<group>"; };
		699F7E022715CB8E0042002D /* SceneDelegate.swift */ = {isa = PBXFileReference; lastKnownFileType = sourcecode.swift; path = SceneDelegate.swift; sourceTree = "<group>"; };
		699F7E042715CB8E0042002D /* ViewController.swift */ = {isa = PBXFileReference; lastKnownFileType = sourcecode.swift; path = ViewController.swift; sourceTree = "<group>"; };
		699F7E072715CB8E0042002D /* Base */ = {isa = PBXFileReference; lastKnownFileType = file.storyboard; name = Base; path = Base.lproj/Main.storyboard; sourceTree = "<group>"; };
		699F7E092715CB900042002D /* Assets.xcassets */ = {isa = PBXFileReference; lastKnownFileType = folder.assetcatalog; path = Assets.xcassets; sourceTree = "<group>"; };
		699F7E0C2715CB900042002D /* Base */ = {isa = PBXFileReference; lastKnownFileType = file.storyboard; name = Base; path = Base.lproj/LaunchScreen.storyboard; sourceTree = "<group>"; };
		699F7E0E2715CB900042002D /* Info.plist */ = {isa = PBXFileReference; lastKnownFileType = text.plist.xml; path = Info.plist; sourceTree = "<group>"; };
/* End PBXFileReference section */

/* Begin PBXFrameworksBuildPhase section */
		699F7DFA2715CB8E0042002D /* Frameworks */ = {
			isa = PBXFrameworksBuildPhase;
			buildActionMask = 2147483647;
			files = (
			);
			runOnlyForDeploymentPostprocessing = 0;
		};
/* End PBXFrameworksBuildPhase section */

/* Begin PBXGroup section */
		699F7DF42715CB8E0042002D = {
			isa = PBXGroup;
			children = (
				699F7DFF2715CB8E0042002D /* HWSClassic-Day41-HangmanGame */,
				699F7DFE2715CB8E0042002D /* Products */,
			);
			sourceTree = "<group>";
		};
		699F7DFE2715CB8E0042002D /* Products */ = {
			isa = PBXGroup;
			children = (
				699F7DFD2715CB8E0042002D /* HWSClassic-Day41-HangmanGame.app */,
			);
			name = Products;
			sourceTree = "<group>";
		};
		699F7DFF2715CB8E0042002D /* HWSClassic-Day41-HangmanGame */ = {
			isa = PBXGroup;
			children = (
				699DFE422716CA080030CE16 /* WordList.txt */,
				699F7E002715CB8E0042002D /* AppDelegate.swift */,
				699F7E022715CB8E0042002D /* SceneDelegate.swift */,
				699F7E042715CB8E0042002D /* ViewController.swift */,
				699F7E062715CB8E0042002D /* Main.storyboard */,
				699F7E092715CB900042002D /* Assets.xcassets */,
				699F7E0B2715CB900042002D /* LaunchScreen.storyboard */,
				699F7E0E2715CB900042002D /* Info.plist */,
			);
			path = "HWSClassic-Day41-HangmanGame";
			sourceTree = "<group>";
		};
/* End PBXGroup section */

/* Begin PBXNativeTarget section */
		699F7DFC2715CB8E0042002D /* HWSClassic-Day41-HangmanGame */ = {
			isa = PBXNativeTarget;
			buildConfigurationList = 699F7E112715CB900042002D /* Build configuration list for PBXNativeTarget "HWSClassic-Day41-HangmanGame" */;
			buildPhases = (
				699F7DF92715CB8E0042002D /* Sources */,
				699F7DFA2715CB8E0042002D /* Frameworks */,
				699F7DFB2715CB8E0042002D /* Resources */,
			);
			buildRules = (
			);
			dependencies = (
			);
			name = "HWSClassic-Day41-HangmanGame";
			productName = "Project9-Milestone";
			productReference = 699F7DFD2715CB8E0042002D /* HWSClassic-Day41-HangmanGame.app */;
			productType = "com.apple.product-type.application";
		};
/* End PBXNativeTarget section */

/* Begin PBXProject section */
		699F7DF52715CB8E0042002D /* Project object */ = {
			isa = PBXProject;
			attributes = {
				BuildIndependentTargetsInParallel = 1;
				LastSwiftUpdateCheck = 1300;
				LastUpgradeCheck = 1300;
				TargetAttributes = {
					699F7DFC2715CB8E0042002D = {
						CreatedOnToolsVersion = 13.0;
					};
				};
			};
			buildConfigurationList = 699F7DF82715CB8E0042002D /* Build configuration list for PBXProject "HWSClassic-Day41-HangmanGame" */;
			compatibilityVersion = "Xcode 13.0";
			developmentRegion = en;
			hasScannedForEncodings = 0;
			knownRegions = (
				en,
				Base,
			);
			mainGroup = 699F7DF42715CB8E0042002D;
			productRefGroup = 699F7DFE2715CB8E0042002D /* Products */;
			projectDirPath = "";
			projectRoot = "";
			targets = (
				699F7DFC2715CB8E0042002D /* HWSClassic-Day41-HangmanGame */,
			);
		};
/* End PBXProject section */

/* Begin PBXResourcesBuildPhase section */
		699F7DFB2715CB8E0042002D /* Resources */ = {
			isa = PBXResourcesBuildPhase;
			buildActionMask = 2147483647;
			files = (
				699F7E0D2715CB900042002D /* LaunchScreen.storyboard in Resources */,
				699F7E0A2715CB900042002D /* Assets.xcassets in Resources */,
				699DFE432716CA080030CE16 /* WordList.txt in Resources */,
				699F7E082715CB8E0042002D /* Main.storyboard in Resources */,
			);
			runOnlyForDeploymentPostprocessing = 0;
		};
/* End PBXResourcesBuildPhase section */

/* Begin PBXSourcesBuildPhase section */
		699F7DF92715CB8E0042002D /* Sources */ = {
			isa = PBXSourcesBuildPhase;
			buildActionMask = 2147483647;
			files = (
				699F7E052715CB8E0042002D /* ViewController.swift in Sources */,
				699F7E012715CB8E0042002D /* AppDelegate.swift in Sources */,
				699F7E032715CB8E0042002D /* SceneDelegate.swift in Sources */,
			);
			runOnlyForDeploymentPostprocessing = 0;
		};
/* End PBXSourcesBuildPhase section */

/* Begin PBXVariantGroup section */
		699F7E062715CB8E0042002D /* Main.storyboard */ = {
			isa = PBXVariantGroup;
			children = (
				699F7E072715CB8E0042002D /* Base */,
			);
			name = Main.storyboard;
			sourceTree = "<group>";
		};
		699F7E0B2715CB900042002D /* LaunchScreen.storyboard */ = {
			isa = PBXVariantGroup;
			children = (
				699F7E0C2715CB900042002D /* Base */,
			);
			name = LaunchScreen.storyboard;
			sourceTree = "<group>";
		};
/* End PBXVariantGroup section */

/* Begin XCBuildConfiguration section */
		699F7E0F2715CB900042002D /* Debug */ = {
			isa = XCBuildConfiguration;
			buildSettings = {
				ALWAYS_SEARCH_USER_PATHS = NO;
				CLANG_ANALYZER_NONNULL = YES;
				CLANG_ANALYZER_NUMBER_OBJECT_CONVERSION = YES_AGGRESSIVE;
				CLANG_CXX_LANGUAGE_STANDARD = "gnu++17";
				CLANG_CXX_LIBRARY = "libc++";
				CLANG_ENABLE_MODULES = YES;
				CLANG_ENABLE_OBJC_ARC = YES;
				CLANG_ENABLE_OBJC_WEAK = YES;
				CLANG_WARN_BLOCK_CAPTURE_AUTORELEASING = YES;
				CLANG_WARN_BOOL_CONVERSION = YES;
				CLANG_WARN_COMMA = YES;
				CLANG_WARN_CONSTANT_CONVERSION = YES;
				CLANG_WARN_DEPRECATED_OBJC_IMPLEMENTATIONS = YES;
				CLANG_WARN_DIRECT_OBJC_ISA_USAGE = YES_ERROR;
				CLANG_WARN_DOCUMENTATION_COMMENTS = YES;
				CLANG_WARN_EMPTY_BODY = YES;
				CLANG_WARN_ENUM_CONVERSION = YES;
				CLANG_WARN_INFINITE_RECURSION = YES;
				CLANG_WARN_INT_CONVERSION = YES;
				CLANG_WARN_NON_LITERAL_NULL_CONVERSION = YES;
				CLANG_WARN_OBJC_IMPLICIT_RETAIN_SELF = YES;
				CLANG_WARN_OBJC_LITERAL_CONVERSION = YES;
				CLANG_WARN_OBJC_ROOT_CLASS = YES_ERROR;
				CLANG_WARN_QUOTED_INCLUDE_IN_FRAMEWORK_HEADER = YES;
				CLANG_WARN_RANGE_LOOP_ANALYSIS = YES;
				CLANG_WARN_STRICT_PROTOTYPES = YES;
				CLANG_WARN_SUSPICIOUS_MOVE = YES;
				CLANG_WARN_UNGUARDED_AVAILABILITY = YES_AGGRESSIVE;
				CLANG_WARN_UNREACHABLE_CODE = YES;
				CLANG_WARN__DUPLICATE_METHOD_MATCH = YES;
				COPY_PHASE_STRIP = NO;
				DEBUG_INFORMATION_FORMAT = dwarf;
				ENABLE_STRICT_OBJC_MSGSEND = YES;
				ENABLE_TESTABILITY = YES;
				GCC_C_LANGUAGE_STANDARD = gnu11;
				GCC_DYNAMIC_NO_PIC = NO;
				GCC_NO_COMMON_BLOCKS = YES;
				GCC_OPTIMIZATION_LEVEL = 0;
				GCC_PREPROCESSOR_DEFINITIONS = (
					"DEBUG=1",
					"$(inherited)",
				);
				GCC_WARN_64_TO_32_BIT_CONVERSION = YES;
				GCC_WARN_ABOUT_RETURN_TYPE = YES_ERROR;
				GCC_WARN_UNDECLARED_SELECTOR = YES;
				GCC_WARN_UNINITIALIZED_AUTOS = YES_AGGRESSIVE;
				GCC_WARN_UNUSED_FUNCTION = YES;
				GCC_WARN_UNUSED_VARIABLE = YES;
				IPHONEOS_DEPLOYMENT_TARGET = 15.0;
				MTL_ENABLE_DEBUG_INFO = INCLUDE_SOURCE;
				MTL_FAST_MATH = YES;
				ONLY_ACTIVE_ARCH = YES;
				SDKROOT = iphoneos;
				SWIFT_ACTIVE_COMPILATION_CONDITIONS = DEBUG;
				SWIFT_OPTIMIZATION_LEVEL = "-Onone";
			};
			name = Debug;
		};
		699F7E102715CB900042002D /* Release */ = {
			isa = XCBuildConfiguration;
			buildSettings = {
				ALWAYS_SEARCH_USER_PATHS = NO;
				CLANG_ANALYZER_NONNULL = YES;
				CLANG_ANALYZER_NUMBER_OBJECT_CONVERSION = YES_AGGRESSIVE;
				CLANG_CXX_LANGUAGE_STANDARD = "gnu++17";
				CLANG_CXX_LIBRARY = "libc++";
				CLANG_ENABLE_MODULES = YES;
				CLANG_ENABLE_OBJC_ARC = YES;
				CLANG_ENABLE_OBJC_WEAK = YES;
				CLANG_WARN_BLOCK_CAPTURE_AUTORELEASING = YES;
				CLANG_WARN_BOOL_CONVERSION = YES;
				CLANG_WARN_COMMA = YES;
				CLANG_WARN_CONSTANT_CONVERSION = YES;
				CLANG_WARN_DEPRECATED_OBJC_IMPLEMENTATIONS = YES;
				CLANG_WARN_DIRECT_OBJC_ISA_USAGE = YES_ERROR;
				CLANG_WARN_DOCUMENTATION_COMMENTS = YES;
				CLANG_WARN_EMPTY_BODY = YES;
				CLANG_WARN_ENUM_CONVERSION = YES;
				CLANG_WARN_INFINITE_RECURSION = YES;
				CLANG_WARN_INT_CONVERSION = YES;
				CLANG_WARN_NON_LITERAL_NULL_CONVERSION = YES;
				CLANG_WARN_OBJC_IMPLICIT_RETAIN_SELF = YES;
				CLANG_WARN_OBJC_LITERAL_CONVERSION = YES;
				CLANG_WARN_OBJC_ROOT_CLASS = YES_ERROR;
				CLANG_WARN_QUOTED_INCLUDE_IN_FRAMEWORK_HEADER = YES;
				CLANG_WARN_RANGE_LOOP_ANALYSIS = YES;
				CLANG_WARN_STRICT_PROTOTYPES = YES;
				CLANG_WARN_SUSPICIOUS_MOVE = YES;
				CLANG_WARN_UNGUARDED_AVAILABILITY = YES_AGGRESSIVE;
				CLANG_WARN_UNREACHABLE_CODE = YES;
				CLANG_WARN__DUPLICATE_METHOD_MATCH = YES;
				COPY_PHASE_STRIP = NO;
				DEBUG_INFORMATION_FORMAT = "dwarf-with-dsym";
				ENABLE_NS_ASSERTIONS = NO;
				ENABLE_STRICT_OBJC_MSGSEND = YES;
				GCC_C_LANGUAGE_STANDARD = gnu11;
				GCC_NO_COMMON_BLOCKS = YES;
				GCC_WARN_64_TO_32_BIT_CONVERSION = YES;
				GCC_WARN_ABOUT_RETURN_TYPE = YES_ERROR;
				GCC_WARN_UNDECLARED_SELECTOR = YES;
				GCC_WARN_UNINITIALIZED_AUTOS = YES_AGGRESSIVE;
				GCC_WARN_UNUSED_FUNCTION = YES;
				GCC_WARN_UNUSED_VARIABLE = YES;
				IPHONEOS_DEPLOYMENT_TARGET = 15.0;
				MTL_ENABLE_DEBUG_INFO = NO;
				MTL_FAST_MATH = YES;
				SDKROOT = iphoneos;
				SWIFT_COMPILATION_MODE = wholemodule;
				SWIFT_OPTIMIZATION_LEVEL = "-O";
				VALIDATE_PRODUCT = YES;
			};
			name = Release;
		};
		699F7E122715CB900042002D /* Debug */ = {
			isa = XCBuildConfiguration;
			buildSettings = {
				ASSETCATALOG_COMPILER_APPICON_NAME = AppIcon;
				ASSETCATALOG_COMPILER_GLOBAL_ACCENT_COLOR_NAME = AccentColor;
				CODE_SIGN_STYLE = Automatic;
				CURRENT_PROJECT_VERSION = 1;
				DEVELOPMENT_TEAM = 96Q85JB8SS;
				GENERATE_INFOPLIST_FILE = YES;
				INFOPLIST_FILE = "HWSClassic-Day41-HangmanGame/Info.plist";
				INFOPLIST_KEY_UIApplicationSupportsIndirectInputEvents = YES;
				INFOPLIST_KEY_UILaunchStoryboardName = LaunchScreen;
				INFOPLIST_KEY_UIMainStoryboardFile = Main;
				INFOPLIST_KEY_UISupportedInterfaceOrientations_iPad = "UIInterfaceOrientationPortrait UIInterfaceOrientationPortraitUpsideDown UIInterfaceOrientationLandscapeLeft UIInterfaceOrientationLandscapeRight";
				INFOPLIST_KEY_UISupportedInterfaceOrientations_iPhone = "UIInterfaceOrientationPortrait UIInterfaceOrientationLandscapeLeft UIInterfaceOrientationLandscapeRight";
				LD_RUNPATH_SEARCH_PATHS = (
					"$(inherited)",
					"@executable_path/Frameworks",
				);
				MARKETING_VERSION = 1.0;
				PRODUCT_BUNDLE_IDENTIFIER = "fr.buewaertromain.Project9-Milestone";
				PRODUCT_NAME = "$(TARGET_NAME)";
				SWIFT_EMIT_LOC_STRINGS = YES;
				SWIFT_VERSION = 5.0;
				TARGETED_DEVICE_FAMILY = "1,2";
			};
			name = Debug;
		};
		699F7E132715CB900042002D /* Release */ = {
			isa = XCBuildConfiguration;
			buildSettings = {
				ASSETCATALOG_COMPILER_APPICON_NAME = AppIcon;
				ASSETCATALOG_COMPILER_GLOBAL_ACCENT_COLOR_NAME = AccentColor;
				CODE_SIGN_STYLE = Automatic;
				CURRENT_PROJECT_VERSION = 1;
				DEVELOPMENT_TEAM = 96Q85JB8SS;
				GENERATE_INFOPLIST_FILE = YES;
				INFOPLIST_FILE = "HWSClassic-Day41-HangmanGame/Info.plist";
				INFOPLIST_KEY_UIApplicationSupportsIndirectInputEvents = YES;
				INFOPLIST_KEY_UILaunchStoryboardName = LaunchScreen;
				INFOPLIST_KEY_UIMainStoryboardFile = Main;
				INFOPLIST_KEY_UISupportedInterfaceOrientations_iPad = "UIInterfaceOrientationPortrait UIInterfaceOrientationPortraitUpsideDown UIInterfaceOrientationLandscapeLeft UIInterfaceOrientationLandscapeRight";
				INFOPLIST_KEY_UISupportedInterfaceOrientations_iPhone = "UIInterfaceOrientationPortrait UIInterfaceOrientationLandscapeLeft UIInterfaceOrientationLandscapeRight";
				LD_RUNPATH_SEARCH_PATHS = (
					"$(inherited)",
					"@executable_path/Frameworks",
				);
				MARKETING_VERSION = 1.0;
				PRODUCT_BUNDLE_IDENTIFIER = "fr.buewaertromain.Project9-Milestone";
				PRODUCT_NAME = "$(TARGET_NAME)";
				SWIFT_EMIT_LOC_STRINGS = YES;
				SWIFT_VERSION = 5.0;
				TARGETED_DEVICE_FAMILY = "1,2";
			};
			name = Release;
		};
/* End XCBuildConfiguration section */

/* Begin XCConfigurationList section */
		699F7DF82715CB8E0042002D /* Build configuration list for PBXProject "HWSClassic-Day41-HangmanGame" */ = {
			isa = XCConfigurationList;
			buildConfigurations = (
				699F7E0F2715CB900042002D /* Debug */,
				699F7E102715CB900042002D /* Release */,
			);
			defaultConfigurationIsVisible = 0;
			defaultConfigurationName = Release;
		};
		699F7E112715CB900042002D /* Build configuration list for PBXNativeTarget "HWSClassic-Day41-HangmanGame" */ = {
			isa = XCConfigurationList;
			buildConfigurations = (
				699F7E122715CB900042002D /* Debug */,
				699F7E132715CB900042002D /* Release */,
			);
			defaultConfigurationIsVisible = 0;
			defaultConfigurationName = Release;
		};
/* End XCConfigurationList section */
	};
	rootObject = 699F7DF52715CB8E0042002D /* Project object */;
}
